// !$*UTF8*$!
{
	archiveVersion = 1;
	classes = {
	};
	objectVersion = 50;
	objects = {

/* Begin PBXBuildFile section */
		0085460124B65BE600A8331C /* AppDelegate.swift in Sources */ = {isa = PBXBuildFile; fileRef = 0085460024B65BE600A8331C /* AppDelegate.swift */; };
		0085460324B65BE600A8331C /* SceneDelegate.swift in Sources */ = {isa = PBXBuildFile; fileRef = 0085460224B65BE600A8331C /* SceneDelegate.swift */; };
		0085460824B65BE600A8331C /* Main.storyboard in Resources */ = {isa = PBXBuildFile; fileRef = 0085460624B65BE600A8331C /* Main.storyboard */; };
		0085460A24B65BE900A8331C /* Assets.xcassets in Resources */ = {isa = PBXBuildFile; fileRef = 0085460924B65BE900A8331C /* Assets.xcassets */; };
		0085460D24B65BE900A8331C /* LaunchScreen.storyboard in Resources */ = {isa = PBXBuildFile; fileRef = 0085460B24B65BE900A8331C /* LaunchScreen.storyboard */; };
		0085461824B65BE900A8331C /* BackbaseTests.swift in Sources */ = {isa = PBXBuildFile; fileRef = 0085461724B65BE900A8331C /* BackbaseTests.swift */; };
		0085462424B65C1600A8331C /* Instructions for the test.md in Resources */ = {isa = PBXBuildFile; fileRef = 0085462224B65C1500A8331C /* Instructions for the test.md */; };
		0085462524B65C1600A8331C /* cities.json in Resources */ = {isa = PBXBuildFile; fileRef = 0085462324B65C1500A8331C /* cities.json */; };
		0085462724B65D8E00A8331C /* DataStore.swift in Sources */ = {isa = PBXBuildFile; fileRef = 0085462624B65D8E00A8331C /* DataStore.swift */; };
		0085462924B65E0E00A8331C /* City.swift in Sources */ = {isa = PBXBuildFile; fileRef = 0085462824B65E0E00A8331C /* City.swift */; };
		0085463024B67DD700A8331C /* API.swift in Sources */ = {isa = PBXBuildFile; fileRef = 0085462F24B67DD700A8331C /* API.swift */; };
		00F0F3D924B766D600CE58F1 /* CitiesSearchViewController.swift in Sources */ = {isa = PBXBuildFile; fileRef = 00F0F3D824B766D600CE58F1 /* CitiesSearchViewController.swift */; };
		00F0F3DB24B7686000CE58F1 /* cities_short.json in Resources */ = {isa = PBXBuildFile; fileRef = 00F0F3DA24B7686000CE58F1 /* cities_short.json */; };
		00F0F3DE24B771CF00CE58F1 /* CityCell.swift in Sources */ = {isa = PBXBuildFile; fileRef = 00F0F3DD24B771CF00CE58F1 /* CityCell.swift */; };
		00F0F3E024BA394F00CE58F1 /* Notifications+Backbase.swift in Sources */ = {isa = PBXBuildFile; fileRef = 00F0F3DF24BA394F00CE58F1 /* Notifications+Backbase.swift */; };
		00F0F3E224BA57AD00CE58F1 /* MapViewController.swift in Sources */ = {isa = PBXBuildFile; fileRef = 00F0F3E124BA57AD00CE58F1 /* MapViewController.swift */; };
		00F0F3EA24BAE6A300CE58F1 /* BackbaseUITests.swift in Sources */ = {isa = PBXBuildFile; fileRef = 00F0F3E924BAE6A300CE58F1 /* BackbaseUITests.swift */; };
/* End PBXBuildFile section */

/* Begin PBXContainerItemProxy section */
		0085461424B65BE900A8331C /* PBXContainerItemProxy */ = {
			isa = PBXContainerItemProxy;
			containerPortal = 008545F524B65BE600A8331C /* Project object */;
			proxyType = 1;
			remoteGlobalIDString = 008545FC24B65BE600A8331C;
			remoteInfo = Backbase;
		};
		00F0F3EC24BAE6A300CE58F1 /* PBXContainerItemProxy */ = {
			isa = PBXContainerItemProxy;
			containerPortal = 008545F524B65BE600A8331C /* Project object */;
			proxyType = 1;
			remoteGlobalIDString = 008545FC24B65BE600A8331C;
			remoteInfo = Backbase;
		};
/* End PBXContainerItemProxy section */

/* Begin PBXFileReference section */
		008545FD24B65BE600A8331C /* Backbase.app */ = {isa = PBXFileReference; explicitFileType = wrapper.application; includeInIndex = 0; path = Backbase.app; sourceTree = BUILT_PRODUCTS_DIR; };
		0085460024B65BE600A8331C /* AppDelegate.swift */ = {isa = PBXFileReference; lastKnownFileType = sourcecode.swift; path = AppDelegate.swift; sourceTree = "<group>"; };
		0085460224B65BE600A8331C /* SceneDelegate.swift */ = {isa = PBXFileReference; lastKnownFileType = sourcecode.swift; path = SceneDelegate.swift; sourceTree = "<group>"; };
		0085460724B65BE600A8331C /* Base */ = {isa = PBXFileReference; lastKnownFileType = file.storyboard; name = Base; path = Base.lproj/Main.storyboard; sourceTree = "<group>"; };
		0085460924B65BE900A8331C /* Assets.xcassets */ = {isa = PBXFileReference; lastKnownFileType = folder.assetcatalog; path = Assets.xcassets; sourceTree = "<group>"; };
		0085460C24B65BE900A8331C /* Base */ = {isa = PBXFileReference; lastKnownFileType = file.storyboard; name = Base; path = Base.lproj/LaunchScreen.storyboard; sourceTree = "<group>"; };
		0085460E24B65BE900A8331C /* Info.plist */ = {isa = PBXFileReference; lastKnownFileType = text.plist.xml; path = Info.plist; sourceTree = "<group>"; };
		0085461324B65BE900A8331C /* BackbaseTests.xctest */ = {isa = PBXFileReference; explicitFileType = wrapper.cfbundle; includeInIndex = 0; path = BackbaseTests.xctest; sourceTree = BUILT_PRODUCTS_DIR; };
		0085461724B65BE900A8331C /* BackbaseTests.swift */ = {isa = PBXFileReference; lastKnownFileType = sourcecode.swift; path = BackbaseTests.swift; sourceTree = "<group>"; };
		0085461924B65BE900A8331C /* Info.plist */ = {isa = PBXFileReference; lastKnownFileType = text.plist.xml; path = Info.plist; sourceTree = "<group>"; };
		0085462224B65C1500A8331C /* Instructions for the test.md */ = {isa = PBXFileReference; fileEncoding = 4; lastKnownFileType = net.daringfireball.markdown; path = "Instructions for the test.md"; sourceTree = "<group>"; };
		0085462324B65C1500A8331C /* cities.json */ = {isa = PBXFileReference; fileEncoding = 4; lastKnownFileType = text.json; path = cities.json; sourceTree = "<group>"; };
		0085462624B65D8E00A8331C /* DataStore.swift */ = {isa = PBXFileReference; lastKnownFileType = sourcecode.swift; path = DataStore.swift; sourceTree = "<group>"; };
		0085462824B65E0E00A8331C /* City.swift */ = {isa = PBXFileReference; lastKnownFileType = sourcecode.swift; path = City.swift; sourceTree = "<group>"; };
		0085462C24B6617B00A8331C /* Notes.md */ = {isa = PBXFileReference; lastKnownFileType = net.daringfireball.markdown; path = Notes.md; sourceTree = "<group>"; };
		0085462F24B67DD700A8331C /* API.swift */ = {isa = PBXFileReference; lastKnownFileType = sourcecode.swift; path = API.swift; sourceTree = "<group>"; };
		00F0F3D824B766D600CE58F1 /* CitiesSearchViewController.swift */ = {isa = PBXFileReference; lastKnownFileType = sourcecode.swift; path = CitiesSearchViewController.swift; sourceTree = "<group>"; };
		00F0F3DA24B7686000CE58F1 /* cities_short.json */ = {isa = PBXFileReference; lastKnownFileType = text.json; path = cities_short.json; sourceTree = "<group>"; };
		00F0F3DD24B771CF00CE58F1 /* CityCell.swift */ = {isa = PBXFileReference; lastKnownFileType = sourcecode.swift; path = CityCell.swift; sourceTree = "<group>"; };
		00F0F3DF24BA394F00CE58F1 /* Notifications+Backbase.swift */ = {isa = PBXFileReference; lastKnownFileType = sourcecode.swift; path = "Notifications+Backbase.swift"; sourceTree = "<group>"; };
		00F0F3E124BA57AD00CE58F1 /* MapViewController.swift */ = {isa = PBXFileReference; lastKnownFileType = sourcecode.swift; path = MapViewController.swift; sourceTree = "<group>"; };
		00F0F3E724BAE6A300CE58F1 /* BackbaseUITests.xctest */ = {isa = PBXFileReference; explicitFileType = wrapper.cfbundle; includeInIndex = 0; path = BackbaseUITests.xctest; sourceTree = BUILT_PRODUCTS_DIR; };
		00F0F3E924BAE6A300CE58F1 /* BackbaseUITests.swift */ = {isa = PBXFileReference; lastKnownFileType = sourcecode.swift; path = BackbaseUITests.swift; sourceTree = "<group>"; };
		00F0F3EB24BAE6A300CE58F1 /* Info.plist */ = {isa = PBXFileReference; lastKnownFileType = text.plist.xml; path = Info.plist; sourceTree = "<group>"; };
/* End PBXFileReference section */

/* Begin PBXFrameworksBuildPhase section */
		008545FA24B65BE600A8331C /* Frameworks */ = {
			isa = PBXFrameworksBuildPhase;
			buildActionMask = 2147483647;
			files = (
			);
			runOnlyForDeploymentPostprocessing = 0;
		};
		0085461024B65BE900A8331C /* Frameworks */ = {
			isa = PBXFrameworksBuildPhase;
			buildActionMask = 2147483647;
			files = (
			);
			runOnlyForDeploymentPostprocessing = 0;
		};
		00F0F3E424BAE6A300CE58F1 /* Frameworks */ = {
			isa = PBXFrameworksBuildPhase;
			buildActionMask = 2147483647;
			files = (
			);
			runOnlyForDeploymentPostprocessing = 0;
		};
/* End PBXFrameworksBuildPhase section */

/* Begin PBXGroup section */
		008545F424B65BE600A8331C = {
			isa = PBXGroup;
			children = (
				00F0F3DA24B7686000CE58F1 /* cities_short.json */,
				0085462324B65C1500A8331C /* cities.json */,
				0085462C24B6617B00A8331C /* Notes.md */,
				0085462224B65C1500A8331C /* Instructions for the test.md */,
				008545FF24B65BE600A8331C /* Backbase */,
				0085461624B65BE900A8331C /* BackbaseTests */,
				00F0F3E824BAE6A300CE58F1 /* BackbaseUITests */,
				008545FE24B65BE600A8331C /* Products */,
			);
			sourceTree = "<group>";
		};
		008545FE24B65BE600A8331C /* Products */ = {
			isa = PBXGroup;
			children = (
				008545FD24B65BE600A8331C /* Backbase.app */,
				0085461324B65BE900A8331C /* BackbaseTests.xctest */,
				00F0F3E724BAE6A300CE58F1 /* BackbaseUITests.xctest */,
			);
			name = Products;
			sourceTree = "<group>";
		};
		008545FF24B65BE600A8331C /* Backbase */ = {
			isa = PBXGroup;
			children = (
				00F0F3DC24B771B300CE58F1 /* Views */,
				0085463524B67F3E00A8331C /* Data Model */,
				0085463424B67F3000A8331C /* Screens */,
				0085463324B67F1600A8331C /* Application */,
				0085463224B67EF600A8331C /* Backend */,
				0085460924B65BE900A8331C /* Assets.xcassets */,
				0085460E24B65BE900A8331C /* Info.plist */,
			);
			path = Backbase;
			sourceTree = "<group>";
		};
		0085461624B65BE900A8331C /* BackbaseTests */ = {
			isa = PBXGroup;
			children = (
				0085461724B65BE900A8331C /* BackbaseTests.swift */,
				0085461924B65BE900A8331C /* Info.plist */,
			);
			path = BackbaseTests;
			sourceTree = "<group>";
		};
		0085463224B67EF600A8331C /* Backend */ = {
			isa = PBXGroup;
			children = (
				0085462624B65D8E00A8331C /* DataStore.swift */,
				0085462F24B67DD700A8331C /* API.swift */,
			);
			path = Backend;
			sourceTree = "<group>";
		};
		0085463324B67F1600A8331C /* Application */ = {
			isa = PBXGroup;
			children = (
				0085460024B65BE600A8331C /* AppDelegate.swift */,
				00F0F3DF24BA394F00CE58F1 /* Notifications+Backbase.swift */,
			);
			path = Application;
			sourceTree = "<group>";
		};
		0085463424B67F3000A8331C /* Screens */ = {
			isa = PBXGroup;
			children = (
				0085460B24B65BE900A8331C /* LaunchScreen.storyboard */,
				0085460624B65BE600A8331C /* Main.storyboard */,
				0085460224B65BE600A8331C /* SceneDelegate.swift */,
				00F0F3D824B766D600CE58F1 /* CitiesSearchViewController.swift */,
				00F0F3E124BA57AD00CE58F1 /* MapViewController.swift */,
			);
			path = Screens;
			sourceTree = "<group>";
		};
		0085463524B67F3E00A8331C /* Data Model */ = {
			isa = PBXGroup;
			children = (
				0085462824B65E0E00A8331C /* City.swift */,
			);
			path = "Data Model";
			sourceTree = "<group>";
		};
		00F0F3DC24B771B300CE58F1 /* Views */ = {
			isa = PBXGroup;
			children = (
				00F0F3DD24B771CF00CE58F1 /* CityCell.swift */,
			);
			path = Views;
			sourceTree = "<group>";
		};
		00F0F3E824BAE6A300CE58F1 /* BackbaseUITests */ = {
			isa = PBXGroup;
			children = (
				00F0F3E924BAE6A300CE58F1 /* BackbaseUITests.swift */,
				00F0F3EB24BAE6A300CE58F1 /* Info.plist */,
			);
			path = BackbaseUITests;
			sourceTree = "<group>";
		};
/* End PBXGroup section */

/* Begin PBXNativeTarget section */
		008545FC24B65BE600A8331C /* Backbase */ = {
			isa = PBXNativeTarget;
			buildConfigurationList = 0085461C24B65BE900A8331C /* Build configuration list for PBXNativeTarget "Backbase" */;
			buildPhases = (
				008545F924B65BE600A8331C /* Sources */,
				008545FA24B65BE600A8331C /* Frameworks */,
				008545FB24B65BE600A8331C /* Resources */,
			);
			buildRules = (
			);
			dependencies = (
			);
			name = Backbase;
			productName = Backbase;
			productReference = 008545FD24B65BE600A8331C /* Backbase.app */;
			productType = "com.apple.product-type.application";
		};
		0085461224B65BE900A8331C /* BackbaseTests */ = {
			isa = PBXNativeTarget;
			buildConfigurationList = 0085461F24B65BE900A8331C /* Build configuration list for PBXNativeTarget "BackbaseTests" */;
			buildPhases = (
				0085460F24B65BE900A8331C /* Sources */,
				0085461024B65BE900A8331C /* Frameworks */,
				0085461124B65BE900A8331C /* Resources */,
			);
			buildRules = (
			);
			dependencies = (
				0085461524B65BE900A8331C /* PBXTargetDependency */,
			);
			name = BackbaseTests;
			productName = BackbaseTests;
			productReference = 0085461324B65BE900A8331C /* BackbaseTests.xctest */;
			productType = "com.apple.product-type.bundle.unit-test";
		};
		00F0F3E624BAE6A300CE58F1 /* BackbaseUITests */ = {
			isa = PBXNativeTarget;
			buildConfigurationList = 00F0F3EE24BAE6A300CE58F1 /* Build configuration list for PBXNativeTarget "BackbaseUITests" */;
			buildPhases = (
				00F0F3E324BAE6A300CE58F1 /* Sources */,
				00F0F3E424BAE6A300CE58F1 /* Frameworks */,
				00F0F3E524BAE6A300CE58F1 /* Resources */,
			);
			buildRules = (
			);
			dependencies = (
				00F0F3ED24BAE6A300CE58F1 /* PBXTargetDependency */,
			);
			name = BackbaseUITests;
			productName = BackbaseUITests;
			productReference = 00F0F3E724BAE6A300CE58F1 /* BackbaseUITests.xctest */;
			productType = "com.apple.product-type.bundle.ui-testing";
		};
/* End PBXNativeTarget section */

/* Begin PBXProject section */
		008545F524B65BE600A8331C /* Project object */ = {
			isa = PBXProject;
			attributes = {
				LastSwiftUpdateCheck = 1150;
				LastUpgradeCheck = 1150;
				ORGANIZATIONNAME = "Robin Macharg";
				TargetAttributes = {
					008545FC24B65BE600A8331C = {
						CreatedOnToolsVersion = 11.5;
					};
					0085461224B65BE900A8331C = {
						CreatedOnToolsVersion = 11.5;
						TestTargetID = 008545FC24B65BE600A8331C;
					};
					00F0F3E624BAE6A300CE58F1 = {
						CreatedOnToolsVersion = 11.5;
						TestTargetID = 008545FC24B65BE600A8331C;
					};
				};
			};
			buildConfigurationList = 008545F824B65BE600A8331C /* Build configuration list for PBXProject "Backbase" */;
			compatibilityVersion = "Xcode 9.3";
			developmentRegion = en;
			hasScannedForEncodings = 0;
			knownRegions = (
				en,
				Base,
			);
			mainGroup = 008545F424B65BE600A8331C;
			productRefGroup = 008545FE24B65BE600A8331C /* Products */;
			projectDirPath = "";
			projectRoot = "";
			targets = (
				008545FC24B65BE600A8331C /* Backbase */,
				0085461224B65BE900A8331C /* BackbaseTests */,
				00F0F3E624BAE6A300CE58F1 /* BackbaseUITests */,
			);
		};
/* End PBXProject section */

/* Begin PBXResourcesBuildPhase section */
		008545FB24B65BE600A8331C /* Resources */ = {
			isa = PBXResourcesBuildPhase;
			buildActionMask = 2147483647;
			files = (
				0085462424B65C1600A8331C /* Instructions for the test.md in Resources */,
				0085462524B65C1600A8331C /* cities.json in Resources */,
				0085460D24B65BE900A8331C /* LaunchScreen.storyboard in Resources */,
				0085460A24B65BE900A8331C /* Assets.xcassets in Resources */,
				0085460824B65BE600A8331C /* Main.storyboard in Resources */,
				00F0F3DB24B7686000CE58F1 /* cities_short.json in Resources */,
			);
			runOnlyForDeploymentPostprocessing = 0;
		};
		0085461124B65BE900A8331C /* Resources */ = {
			isa = PBXResourcesBuildPhase;
			buildActionMask = 2147483647;
			files = (
			);
			runOnlyForDeploymentPostprocessing = 0;
		};
		00F0F3E524BAE6A300CE58F1 /* Resources */ = {
			isa = PBXResourcesBuildPhase;
			buildActionMask = 2147483647;
			files = (
			);
			runOnlyForDeploymentPostprocessing = 0;
		};
/* End PBXResourcesBuildPhase section */

/* Begin PBXSourcesBuildPhase section */
		008545F924B65BE600A8331C /* Sources */ = {
			isa = PBXSourcesBuildPhase;
			buildActionMask = 2147483647;
			files = (
				00F0F3E024BA394F00CE58F1 /* Notifications+Backbase.swift in Sources */,
				00F0F3D924B766D600CE58F1 /* CitiesSearchViewController.swift in Sources */,
				0085462924B65E0E00A8331C /* City.swift in Sources */,
				0085462724B65D8E00A8331C /* DataStore.swift in Sources */,
				00F0F3E224BA57AD00CE58F1 /* MapViewController.swift in Sources */,
				0085460124B65BE600A8331C /* AppDelegate.swift in Sources */,
				0085463024B67DD700A8331C /* API.swift in Sources */,
				00F0F3DE24B771CF00CE58F1 /* CityCell.swift in Sources */,
				0085460324B65BE600A8331C /* SceneDelegate.swift in Sources */,
			);
			runOnlyForDeploymentPostprocessing = 0;
		};
		0085460F24B65BE900A8331C /* Sources */ = {
			isa = PBXSourcesBuildPhase;
			buildActionMask = 2147483647;
			files = (
				0085461824B65BE900A8331C /* BackbaseTests.swift in Sources */,
			);
			runOnlyForDeploymentPostprocessing = 0;
		};
		00F0F3E324BAE6A300CE58F1 /* Sources */ = {
			isa = PBXSourcesBuildPhase;
			buildActionMask = 2147483647;
			files = (
				00F0F3EA24BAE6A300CE58F1 /* BackbaseUITests.swift in Sources */,
			);
			runOnlyForDeploymentPostprocessing = 0;
		};
/* End PBXSourcesBuildPhase section */

/* Begin PBXTargetDependency section */
		0085461524B65BE900A8331C /* PBXTargetDependency */ = {
			isa = PBXTargetDependency;
			target = 008545FC24B65BE600A8331C /* Backbase */;
			targetProxy = 0085461424B65BE900A8331C /* PBXContainerItemProxy */;
		};
		00F0F3ED24BAE6A300CE58F1 /* PBXTargetDependency */ = {
			isa = PBXTargetDependency;
			target = 008545FC24B65BE600A8331C /* Backbase */;
			targetProxy = 00F0F3EC24BAE6A300CE58F1 /* PBXContainerItemProxy */;
		};
/* End PBXTargetDependency section */

/* Begin PBXVariantGroup section */
		0085460624B65BE600A8331C /* Main.storyboard */ = {
			isa = PBXVariantGroup;
			children = (
				0085460724B65BE600A8331C /* Base */,
			);
			name = Main.storyboard;
			sourceTree = "<group>";
		};
		0085460B24B65BE900A8331C /* LaunchScreen.storyboard */ = {
			isa = PBXVariantGroup;
			children = (
				0085460C24B65BE900A8331C /* Base */,
			);
			name = LaunchScreen.storyboard;
			sourceTree = "<group>";
		};
/* End PBXVariantGroup section */

/* Begin XCBuildConfiguration section */
		0085461A24B65BE900A8331C /* Debug */ = {
			isa = XCBuildConfiguration;
			buildSettings = {
				ALWAYS_SEARCH_USER_PATHS = NO;
				CLANG_ANALYZER_NONNULL = YES;
				CLANG_ANALYZER_NUMBER_OBJECT_CONVERSION = YES_AGGRESSIVE;
				CLANG_CXX_LANGUAGE_STANDARD = "gnu++14";
				CLANG_CXX_LIBRARY = "libc++";
				CLANG_ENABLE_MODULES = YES;
				CLANG_ENABLE_OBJC_ARC = YES;
				CLANG_ENABLE_OBJC_WEAK = YES;
				CLANG_WARN_BLOCK_CAPTURE_AUTORELEASING = YES;
				CLANG_WARN_BOOL_CONVERSION = YES;
				CLANG_WARN_COMMA = YES;
				CLANG_WARN_CONSTANT_CONVERSION = YES;
				CLANG_WARN_DEPRECATED_OBJC_IMPLEMENTATIONS = YES;
				CLANG_WARN_DIRECT_OBJC_ISA_USAGE = YES_ERROR;
				CLANG_WARN_DOCUMENTATION_COMMENTS = YES;
				CLANG_WARN_EMPTY_BODY = YES;
				CLANG_WARN_ENUM_CONVERSION = YES;
				CLANG_WARN_INFINITE_RECURSION = YES;
				CLANG_WARN_INT_CONVERSION = YES;
				CLANG_WARN_NON_LITERAL_NULL_CONVERSION = YES;
				CLANG_WARN_OBJC_IMPLICIT_RETAIN_SELF = YES;
				CLANG_WARN_OBJC_LITERAL_CONVERSION = YES;
				CLANG_WARN_OBJC_ROOT_CLASS = YES_ERROR;
				CLANG_WARN_RANGE_LOOP_ANALYSIS = YES;
				CLANG_WARN_STRICT_PROTOTYPES = YES;
				CLANG_WARN_SUSPICIOUS_MOVE = YES;
				CLANG_WARN_UNGUARDED_AVAILABILITY = YES_AGGRESSIVE;
				CLANG_WARN_UNREACHABLE_CODE = YES;
				CLANG_WARN__DUPLICATE_METHOD_MATCH = YES;
				COPY_PHASE_STRIP = NO;
				DEBUG_INFORMATION_FORMAT = dwarf;
				ENABLE_STRICT_OBJC_MSGSEND = YES;
				ENABLE_TESTABILITY = YES;
				GCC_C_LANGUAGE_STANDARD = gnu11;
				GCC_DYNAMIC_NO_PIC = NO;
				GCC_NO_COMMON_BLOCKS = YES;
				GCC_OPTIMIZATION_LEVEL = 0;
				GCC_PREPROCESSOR_DEFINITIONS = (
					"DEBUG=1",
					"$(inherited)",
				);
				GCC_WARN_64_TO_32_BIT_CONVERSION = YES;
				GCC_WARN_ABOUT_RETURN_TYPE = YES_ERROR;
				GCC_WARN_UNDECLARED_SELECTOR = YES;
				GCC_WARN_UNINITIALIZED_AUTOS = YES_AGGRESSIVE;
				GCC_WARN_UNUSED_FUNCTION = YES;
				GCC_WARN_UNUSED_VARIABLE = YES;
				IPHONEOS_DEPLOYMENT_TARGET = 13.5;
				MTL_ENABLE_DEBUG_INFO = INCLUDE_SOURCE;
				MTL_FAST_MATH = YES;
				ONLY_ACTIVE_ARCH = YES;
				SDKROOT = iphoneos;
				SWIFT_ACTIVE_COMPILATION_CONDITIONS = DEBUG;
				SWIFT_OPTIMIZATION_LEVEL = "-Onone";
			};
			name = Debug;
		};
		0085461B24B65BE900A8331C /* Release */ = {
			isa = XCBuildConfiguration;
			buildSettings = {
				ALWAYS_SEARCH_USER_PATHS = NO;
				CLANG_ANALYZER_NONNULL = YES;
				CLANG_ANALYZER_NUMBER_OBJECT_CONVERSION = YES_AGGRESSIVE;
				CLANG_CXX_LANGUAGE_STANDARD = "gnu++14";
				CLANG_CXX_LIBRARY = "libc++";
				CLANG_ENABLE_MODULES = YES;
				CLANG_ENABLE_OBJC_ARC = YES;
				CLANG_ENABLE_OBJC_WEAK = YES;
				CLANG_WARN_BLOCK_CAPTURE_AUTORELEASING = YES;
				CLANG_WARN_BOOL_CONVERSION = YES;
				CLANG_WARN_COMMA = YES;
				CLANG_WARN_CONSTANT_CONVERSION = YES;
				CLANG_WARN_DEPRECATED_OBJC_IMPLEMENTATIONS = YES;
				CLANG_WARN_DIRECT_OBJC_ISA_USAGE = YES_ERROR;
				CLANG_WARN_DOCUMENTATION_COMMENTS = YES;
				CLANG_WARN_EMPTY_BODY = YES;
				CLANG_WARN_ENUM_CONVERSION = YES;
				CLANG_WARN_INFINITE_RECURSION = YES;
				CLANG_WARN_INT_CONVERSION = YES;
				CLANG_WARN_NON_LITERAL_NULL_CONVERSION = YES;
				CLANG_WARN_OBJC_IMPLICIT_RETAIN_SELF = YES;
				CLANG_WARN_OBJC_LITERAL_CONVERSION = YES;
				CLANG_WARN_OBJC_ROOT_CLASS = YES_ERROR;
				CLANG_WARN_RANGE_LOOP_ANALYSIS = YES;
				CLANG_WARN_STRICT_PROTOTYPES = YES;
				CLANG_WARN_SUSPICIOUS_MOVE = YES;
				CLANG_WARN_UNGUARDED_AVAILABILITY = YES_AGGRESSIVE;
				CLANG_WARN_UNREACHABLE_CODE = YES;
				CLANG_WARN__DUPLICATE_METHOD_MATCH = YES;
				COPY_PHASE_STRIP = NO;
				DEBUG_INFORMATION_FORMAT = "dwarf-with-dsym";
				ENABLE_NS_ASSERTIONS = NO;
				ENABLE_STRICT_OBJC_MSGSEND = YES;
				GCC_C_LANGUAGE_STANDARD = gnu11;
				GCC_NO_COMMON_BLOCKS = YES;
				GCC_WARN_64_TO_32_BIT_CONVERSION = YES;
				GCC_WARN_ABOUT_RETURN_TYPE = YES_ERROR;
				GCC_WARN_UNDECLARED_SELECTOR = YES;
				GCC_WARN_UNINITIALIZED_AUTOS = YES_AGGRESSIVE;
				GCC_WARN_UNUSED_FUNCTION = YES;
				GCC_WARN_UNUSED_VARIABLE = YES;
				IPHONEOS_DEPLOYMENT_TARGET = 13.5;
				MTL_ENABLE_DEBUG_INFO = NO;
				MTL_FAST_MATH = YES;
				SDKROOT = iphoneos;
				SWIFT_COMPILATION_MODE = wholemodule;
				SWIFT_OPTIMIZATION_LEVEL = "-O";
				VALIDATE_PRODUCT = YES;
			};
			name = Release;
		};
		0085461D24B65BE900A8331C /* Debug */ = {
			isa = XCBuildConfiguration;
			buildSettings = {
				ASSETCATALOG_COMPILER_APPICON_NAME = AppIcon;
				CODE_SIGN_STYLE = Automatic;
				DEVELOPMENT_TEAM = 69VQ8X8JJ7;
				INFOPLIST_FILE = Backbase/Info.plist;
				LD_RUNPATH_SEARCH_PATHS = (
					"$(inherited)",
					"@executable_path/Frameworks",
				);
				PRODUCT_BUNDLE_IDENTIFIER = com.macharg.Backbase;
				PRODUCT_NAME = "$(TARGET_NAME)";
				SWIFT_VERSION = 5.0;
				TARGETED_DEVICE_FAMILY = "1,2";
			};
			name = Debug;
		};
		0085461E24B65BE900A8331C /* Release */ = {
			isa = XCBuildConfiguration;
			buildSettings = {
				ASSETCATALOG_COMPILER_APPICON_NAME = AppIcon;
				CODE_SIGN_STYLE = Automatic;
				DEVELOPMENT_TEAM = 69VQ8X8JJ7;
				INFOPLIST_FILE = Backbase/Info.plist;
				LD_RUNPATH_SEARCH_PATHS = (
					"$(inherited)",
					"@executable_path/Frameworks",
				);
				PRODUCT_BUNDLE_IDENTIFIER = com.macharg.Backbase;
				PRODUCT_NAME = "$(TARGET_NAME)";
				SWIFT_VERSION = 5.0;
				TARGETED_DEVICE_FAMILY = "1,2";
			};
			name = Release;
		};
		0085462024B65BE900A8331C /* Debug */ = {
			isa = XCBuildConfiguration;
			buildSettings = {
				ALWAYS_EMBED_SWIFT_STANDARD_LIBRARIES = YES;
				BUNDLE_LOADER = "$(TEST_HOST)";
				CODE_SIGN_STYLE = Automatic;
				DEVELOPMENT_TEAM = 69VQ8X8JJ7;
				INFOPLIST_FILE = BackbaseTests/Info.plist;
				IPHONEOS_DEPLOYMENT_TARGET = 13.5;
				LD_RUNPATH_SEARCH_PATHS = (
					"$(inherited)",
					"@executable_path/Frameworks",
					"@loader_path/Frameworks",
				);
				PRODUCT_BUNDLE_IDENTIFIER = com.macharg.BackbaseTests;
				PRODUCT_NAME = "$(TARGET_NAME)";
				SWIFT_VERSION = 5.0;
				TARGETED_DEVICE_FAMILY = "1,2";
				TEST_HOST = "$(BUILT_PRODUCTS_DIR)/Backbase.app/Backbase";
			};
			name = Debug;
		};
		0085462124B65BE900A8331C /* Release */ = {
			isa = XCBuildConfiguration;
			buildSettings = {
				ALWAYS_EMBED_SWIFT_STANDARD_LIBRARIES = YES;
				BUNDLE_LOADER = "$(TEST_HOST)";
				CODE_SIGN_STYLE = Automatic;
				DEVELOPMENT_TEAM = 69VQ8X8JJ7;
				INFOPLIST_FILE = BackbaseTests/Info.plist;
				IPHONEOS_DEPLOYMENT_TARGET = 13.5;
				LD_RUNPATH_SEARCH_PATHS = (
					"$(inherited)",
					"@executable_path/Frameworks",
					"@loader_path/Frameworks",
				);
				PRODUCT_BUNDLE_IDENTIFIER = com.macharg.BackbaseTests;
				PRODUCT_NAME = "$(TARGET_NAME)";
				SWIFT_VERSION = 5.0;
				TARGETED_DEVICE_FAMILY = "1,2";
				TEST_HOST = "$(BUILT_PRODUCTS_DIR)/Backbase.app/Backbase";
			};
			name = Release;
		};
		00F0F3EF24BAE6A300CE58F1 /* Debug */ = {
			isa = XCBuildConfiguration;
			buildSettings = {
				CODE_SIGN_STYLE = Automatic;
				DEVELOPMENT_TEAM = 69VQ8X8JJ7;
				INFOPLIST_FILE = BackbaseUITests/Info.plist;
				LD_RUNPATH_SEARCH_PATHS = (
					"$(inherited)",
					"@executable_path/Frameworks",
					"@loader_path/Frameworks",
				);
				PRODUCT_BUNDLE_IDENTIFIER = com.macharg.BackbaseUITests;
				PRODUCT_NAME = "$(TARGET_NAME)";
				SWIFT_VERSION = 5.0;
				TARGETED_DEVICE_FAMILY = "1,2";
				TEST_TARGET_NAME = Backbase;
			};
			name = Debug;
		};
		00F0F3F024BAE6A300CE58F1 /* Release */ = {
			isa = XCBuildConfiguration;
			buildSettings = {
				CODE_SIGN_STYLE = Automatic;
				DEVELOPMENT_TEAM = 69VQ8X8JJ7;
				INFOPLIST_FILE = BackbaseUITests/Info.plist;
				LD_RUNPATH_SEARCH_PATHS = (
					"$(inherited)",
					"@executable_path/Frameworks",
					"@loader_path/Frameworks",
				);
				PRODUCT_BUNDLE_IDENTIFIER = com.macharg.BackbaseUITests;
				PRODUCT_NAME = "$(TARGET_NAME)";
				SWIFT_VERSION = 5.0;
				TARGETED_DEVICE_FAMILY = "1,2";
				TEST_TARGET_NAME = Backbase;
			};
			name = Release;
		};
/* End XCBuildConfiguration section */

/* Begin XCConfigurationList section */
		008545F824B65BE600A8331C /* Build configuration list for PBXProject "Backbase" */ = {
			isa = XCConfigurationList;
			buildConfigurations = (
				0085461A24B65BE900A8331C /* Debug */,
				0085461B24B65BE900A8331C /* Release */,
			);
			defaultConfigurationIsVisible = 0;
			defaultConfigurationName = Release;
		};
		0085461C24B65BE900A8331C /* Build configuration list for PBXNativeTarget "Backbase" */ = {
			isa = XCConfigurationList;
			buildConfigurations = (
				0085461D24B65BE900A8331C /* Debug */,
				0085461E24B65BE900A8331C /* Release */,
			);
			defaultConfigurationIsVisible = 0;
			defaultConfigurationName = Release;
		};
		0085461F24B65BE900A8331C /* Build configuration list for PBXNativeTarget "BackbaseTests" */ = {
			isa = XCConfigurationList;
			buildConfigurations = (
				0085462024B65BE900A8331C /* Debug */,
				0085462124B65BE900A8331C /* Release */,
			);
			defaultConfigurationIsVisible = 0;
			defaultConfigurationName = Release;
		};
		00F0F3EE24BAE6A300CE58F1 /* Build configuration list for PBXNativeTarget "BackbaseUITests" */ = {
			isa = XCConfigurationList;
			buildConfigurations = (
				00F0F3EF24BAE6A300CE58F1 /* Debug */,
				00F0F3F024BAE6A300CE58F1 /* Release */,
			);
			defaultConfigurationIsVisible = 0;
			defaultConfigurationName = Release;
		};
/* End XCConfigurationList section */
	};
	rootObject = 008545F524B65BE600A8331C /* Project object */;
}
